// !$*UTF8*$!
{
	archiveVersion = 1;
	classes = {
	};
	objectVersion = 50;
	objects = {

/* Begin PBXBuildFile section */
		8F1C0D492431A80C006DA011 /* PhotoListCell.swift in Sources */ = {isa = PBXBuildFile; fileRef = 8F1C0D482431A80C006DA011 /* PhotoListCell.swift */; };
		8F1C0D4B24328072006DA011 /* PhotoDetailsViewController.swift in Sources */ = {isa = PBXBuildFile; fileRef = 8F1C0D4A24328072006DA011 /* PhotoDetailsViewController.swift */; };
		8F1C0D4D2433E49A006DA011 /* UnsplashUser.swift in Sources */ = {isa = PBXBuildFile; fileRef = 8F1C0D4C2433E49A006DA011 /* UnsplashUser.swift */; };
		8F20BEBF24356C74000A9C6B /* ImageSaver.swift in Sources */ = {isa = PBXBuildFile; fileRef = 8F20BEBE24356C74000A9C6B /* ImageSaver.swift */; };
		8F88213F242D6F81004DAD04 /* AppDelegate.swift in Sources */ = {isa = PBXBuildFile; fileRef = 8F88213E242D6F81004DAD04 /* AppDelegate.swift */; };
		8F882141242D6F81004DAD04 /* SceneDelegate.swift in Sources */ = {isa = PBXBuildFile; fileRef = 8F882140242D6F81004DAD04 /* SceneDelegate.swift */; };
		8F882146242D6F81004DAD04 /* Main.storyboard in Resources */ = {isa = PBXBuildFile; fileRef = 8F882144242D6F81004DAD04 /* Main.storyboard */; };
		8F882149242D6F81004DAD04 /* PhotoViewer.xcdatamodeld in Sources */ = {isa = PBXBuildFile; fileRef = 8F882147242D6F81004DAD04 /* PhotoViewer.xcdatamodeld */; };
		8F88214B242D6F84004DAD04 /* Assets.xcassets in Resources */ = {isa = PBXBuildFile; fileRef = 8F88214A242D6F84004DAD04 /* Assets.xcassets */; };
		8F88214E242D6F84004DAD04 /* LaunchScreen.storyboard in Resources */ = {isa = PBXBuildFile; fileRef = 8F88214C242D6F84004DAD04 /* LaunchScreen.storyboard */; };
		8F9C84F32439F065006C5A5A /* ImageExtension.swift in Sources */ = {isa = PBXBuildFile; fileRef = 8F9C84F22439F065006C5A5A /* ImageExtension.swift */; };
		8FAA9D462434B6A8007EA541 /* HttpService.swift in Sources */ = {isa = PBXBuildFile; fileRef = 8FAA9D452434B6A8007EA541 /* HttpService.swift */; };
		8FFDA038242FE24E0046CF5A /* PhotoListCollectionViewController.swift in Sources */ = {isa = PBXBuildFile; fileRef = 8FFDA037242FE24E0046CF5A /* PhotoListCollectionViewController.swift */; };
		8FFDA03A242FE5A00046CF5A /* UnsplashClient.swift in Sources */ = {isa = PBXBuildFile; fileRef = 8FFDA039242FE5A00046CF5A /* UnsplashClient.swift */; };
		8FFDA03C242FE6BE0046CF5A /* SearchResults.swift in Sources */ = {isa = PBXBuildFile; fileRef = 8FFDA03B242FE6BE0046CF5A /* SearchResults.swift */; };
		8FFDA03E242FE8160046CF5A /* UnsplashPhoto.swift in Sources */ = {isa = PBXBuildFile; fileRef = 8FFDA03D242FE8160046CF5A /* UnsplashPhoto.swift */; };
		8FFDA040242FE8B90046CF5A /* Result.swift in Sources */ = {isa = PBXBuildFile; fileRef = 8FFDA03F242FE8B90046CF5A /* Result.swift */; };
/* End PBXBuildFile section */

/* Begin PBXFileReference section */
		8F1C0D482431A80C006DA011 /* PhotoListCell.swift */ = {isa = PBXFileReference; lastKnownFileType = sourcecode.swift; path = PhotoListCell.swift; sourceTree = "<group>"; };
		8F1C0D4A24328072006DA011 /* PhotoDetailsViewController.swift */ = {isa = PBXFileReference; lastKnownFileType = sourcecode.swift; path = PhotoDetailsViewController.swift; sourceTree = "<group>"; };
		8F1C0D4C2433E49A006DA011 /* UnsplashUser.swift */ = {isa = PBXFileReference; lastKnownFileType = sourcecode.swift; path = UnsplashUser.swift; sourceTree = "<group>"; };
		8F20BEBE24356C74000A9C6B /* ImageSaver.swift */ = {isa = PBXFileReference; lastKnownFileType = sourcecode.swift; path = ImageSaver.swift; sourceTree = "<group>"; };
		8F88213B242D6F81004DAD04 /* PhotoViewer.app */ = {isa = PBXFileReference; explicitFileType = wrapper.application; includeInIndex = 0; path = PhotoViewer.app; sourceTree = BUILT_PRODUCTS_DIR; };
		8F88213E242D6F81004DAD04 /* AppDelegate.swift */ = {isa = PBXFileReference; lastKnownFileType = sourcecode.swift; path = AppDelegate.swift; sourceTree = "<group>"; };
		8F882140242D6F81004DAD04 /* SceneDelegate.swift */ = {isa = PBXFileReference; lastKnownFileType = sourcecode.swift; path = SceneDelegate.swift; sourceTree = "<group>"; };
		8F882145242D6F81004DAD04 /* Base */ = {isa = PBXFileReference; lastKnownFileType = file.storyboard; name = Base; path = Base.lproj/Main.storyboard; sourceTree = "<group>"; };
		8F882148242D6F81004DAD04 /* PhotoViewer.xcdatamodel */ = {isa = PBXFileReference; lastKnownFileType = wrapper.xcdatamodel; path = PhotoViewer.xcdatamodel; sourceTree = "<group>"; };
		8F88214A242D6F84004DAD04 /* Assets.xcassets */ = {isa = PBXFileReference; lastKnownFileType = folder.assetcatalog; path = Assets.xcassets; sourceTree = "<group>"; };
		8F88214D242D6F84004DAD04 /* Base */ = {isa = PBXFileReference; lastKnownFileType = file.storyboard; name = Base; path = Base.lproj/LaunchScreen.storyboard; sourceTree = "<group>"; };
		8F88214F242D6F84004DAD04 /* Info.plist */ = {isa = PBXFileReference; lastKnownFileType = text.plist.xml; path = Info.plist; sourceTree = "<group>"; };
		8F9C84F22439F065006C5A5A /* ImageExtension.swift */ = {isa = PBXFileReference; lastKnownFileType = sourcecode.swift; path = ImageExtension.swift; sourceTree = "<group>"; };
		8FAA9D452434B6A8007EA541 /* HttpService.swift */ = {isa = PBXFileReference; lastKnownFileType = sourcecode.swift; path = HttpService.swift; sourceTree = "<group>"; };
		8FFDA037242FE24E0046CF5A /* PhotoListCollectionViewController.swift */ = {isa = PBXFileReference; lastKnownFileType = sourcecode.swift; path = PhotoListCollectionViewController.swift; sourceTree = "<group>"; };
		8FFDA039242FE5A00046CF5A /* UnsplashClient.swift */ = {isa = PBXFileReference; lastKnownFileType = sourcecode.swift; path = UnsplashClient.swift; sourceTree = "<group>"; };
		8FFDA03B242FE6BE0046CF5A /* SearchResults.swift */ = {isa = PBXFileReference; lastKnownFileType = sourcecode.swift; path = SearchResults.swift; sourceTree = "<group>"; };
		8FFDA03D242FE8160046CF5A /* UnsplashPhoto.swift */ = {isa = PBXFileReference; lastKnownFileType = sourcecode.swift; path = UnsplashPhoto.swift; sourceTree = "<group>"; };
		8FFDA03F242FE8B90046CF5A /* Result.swift */ = {isa = PBXFileReference; lastKnownFileType = sourcecode.swift; path = Result.swift; sourceTree = "<group>"; };
/* End PBXFileReference section */

/* Begin PBXFrameworksBuildPhase section */
		8F882138242D6F81004DAD04 /* Frameworks */ = {
			isa = PBXFrameworksBuildPhase;
			buildActionMask = 2147483647;
			files = (
			);
			runOnlyForDeploymentPostprocessing = 0;
		};
/* End PBXFrameworksBuildPhase section */

/* Begin PBXGroup section */
		3A737DAB6B6E1003D4784F5F /* Frameworks */ = {
			isa = PBXGroup;
			children = (
			);
			name = Frameworks;
			sourceTree = "<group>";
		};
		8F84547B242DBE94007BBB8F /* Service */ = {
			isa = PBXGroup;
			children = (
				8FAA9D452434B6A8007EA541 /* HttpService.swift */,
				8FFDA039242FE5A00046CF5A /* UnsplashClient.swift */,
				8F20BEBE24356C74000A9C6B /* ImageSaver.swift */,
			);
			path = Service;
			sourceTree = "<group>";
		};
		8F882132242D6F81004DAD04 = {
			isa = PBXGroup;
			children = (
				8F88213D242D6F81004DAD04 /* PhotoViewer */,
				8F88213C242D6F81004DAD04 /* Products */,
				3A737DAB6B6E1003D4784F5F /* Frameworks */,
			);
			sourceTree = "<group>";
		};
		8F88213C242D6F81004DAD04 /* Products */ = {
			isa = PBXGroup;
			children = (
				8F88213B242D6F81004DAD04 /* PhotoViewer.app */,
			);
			name = Products;
			sourceTree = "<group>";
		};
		8F88213D242D6F81004DAD04 /* PhotoViewer */ = {
			isa = PBXGroup;
			children = (
				8F84547B242DBE94007BBB8F /* Service */,
				8F882157242DB370004DAD04 /* Controller */,
				8F882156242DB344004DAD04 /* View */,
				8F882155242DB335004DAD04 /* Model */,
				8F88213E242D6F81004DAD04 /* AppDelegate.swift */,
				8F882140242D6F81004DAD04 /* SceneDelegate.swift */,
				8F88214A242D6F84004DAD04 /* Assets.xcassets */,
				8F88214F242D6F84004DAD04 /* Info.plist */,
				8F882147242D6F81004DAD04 /* PhotoViewer.xcdatamodeld */,
			);
			path = PhotoViewer;
			sourceTree = "<group>";
		};
		8F882155242DB335004DAD04 /* Model */ = {
			isa = PBXGroup;
			children = (
				8FFDA03B242FE6BE0046CF5A /* SearchResults.swift */,
				8FFDA03D242FE8160046CF5A /* UnsplashPhoto.swift */,
				8FFDA03F242FE8B90046CF5A /* Result.swift */,
				8F1C0D4C2433E49A006DA011 /* UnsplashUser.swift */,
			);
			path = Model;
			sourceTree = "<group>";
		};
		8F882156242DB344004DAD04 /* View */ = {
			isa = PBXGroup;
			children = (
				8F1C0D482431A80C006DA011 /* PhotoListCell.swift */,
				8F9C84F22439F065006C5A5A /* ImageExtension.swift */,
				8F882144242D6F81004DAD04 /* Main.storyboard */,
				8F88214C242D6F84004DAD04 /* LaunchScreen.storyboard */,
			);
			path = View;
			sourceTree = "<group>";
		};
		8F882157242DB370004DAD04 /* Controller */ = {
			isa = PBXGroup;
			children = (
				8FFDA037242FE24E0046CF5A /* PhotoListCollectionViewController.swift */,
				8F1C0D4A24328072006DA011 /* PhotoDetailsViewController.swift */,
			);
			path = Controller;
			sourceTree = "<group>";
		};
/* End PBXGroup section */

/* Begin PBXNativeTarget section */
		8F88213A242D6F81004DAD04 /* PhotoViewer */ = {
			isa = PBXNativeTarget;
			buildConfigurationList = 8F882152242D6F84004DAD04 /* Build configuration list for PBXNativeTarget "PhotoViewer" */;
			buildPhases = (
				8F882137242D6F81004DAD04 /* Sources */,
				8F882138242D6F81004DAD04 /* Frameworks */,
				8F882139242D6F81004DAD04 /* Resources */,
			);
			buildRules = (
			);
			dependencies = (
			);
			name = PhotoViewer;
			productName = PhotoViewer;
			productReference = 8F88213B242D6F81004DAD04 /* PhotoViewer.app */;
			productType = "com.apple.product-type.application";
		};
/* End PBXNativeTarget section */

/* Begin PBXProject section */
		8F882133242D6F81004DAD04 /* Project object */ = {
			isa = PBXProject;
			attributes = {
				LastSwiftUpdateCheck = 1130;
				LastUpgradeCheck = 1130;
				ORGANIZATIONNAME = "Dmitry  Nidzelsky ";
				TargetAttributes = {
					8F88213A242D6F81004DAD04 = {
						CreatedOnToolsVersion = 11.3.1;
					};
				};
			};
			buildConfigurationList = 8F882136242D6F81004DAD04 /* Build configuration list for PBXProject "PhotoViewer" */;
			compatibilityVersion = "Xcode 9.3";
			developmentRegion = en;
			hasScannedForEncodings = 0;
			knownRegions = (
				en,
				Base,
			);
			mainGroup = 8F882132242D6F81004DAD04;
			productRefGroup = 8F88213C242D6F81004DAD04 /* Products */;
			projectDirPath = "";
			projectRoot = "";
			targets = (
				8F88213A242D6F81004DAD04 /* PhotoViewer */,
			);
		};
/* End PBXProject section */

/* Begin PBXResourcesBuildPhase section */
		8F882139242D6F81004DAD04 /* Resources */ = {
			isa = PBXResourcesBuildPhase;
			buildActionMask = 2147483647;
			files = (
				8F88214E242D6F84004DAD04 /* LaunchScreen.storyboard in Resources */,
				8F88214B242D6F84004DAD04 /* Assets.xcassets in Resources */,
				8F882146242D6F81004DAD04 /* Main.storyboard in Resources */,
			);
			runOnlyForDeploymentPostprocessing = 0;
		};
/* End PBXResourcesBuildPhase section */

/* Begin PBXSourcesBuildPhase section */
		8F882137242D6F81004DAD04 /* Sources */ = {
			isa = PBXSourcesBuildPhase;
			buildActionMask = 2147483647;
			files = (
				8F1C0D4D2433E49A006DA011 /* UnsplashUser.swift in Sources */,
				8FFDA03A242FE5A00046CF5A /* UnsplashClient.swift in Sources */,
				8FFDA03E242FE8160046CF5A /* UnsplashPhoto.swift in Sources */,
				8F882149242D6F81004DAD04 /* PhotoViewer.xcdatamodeld in Sources */,
				8FFDA038242FE24E0046CF5A /* PhotoListCollectionViewController.swift in Sources */,
				8FAA9D462434B6A8007EA541 /* HttpService.swift in Sources */,
				8F1C0D4B24328072006DA011 /* PhotoDetailsViewController.swift in Sources */,
				8FFDA040242FE8B90046CF5A /* Result.swift in Sources */,
				8F88213F242D6F81004DAD04 /* AppDelegate.swift in Sources */,
				8FFDA03C242FE6BE0046CF5A /* SearchResults.swift in Sources */,
				8F20BEBF24356C74000A9C6B /* ImageSaver.swift in Sources */,
				8F882141242D6F81004DAD04 /* SceneDelegate.swift in Sources */,
				8F9C84F32439F065006C5A5A /* ImageExtension.swift in Sources */,
				8F1C0D492431A80C006DA011 /* PhotoListCell.swift in Sources */,
			);
			runOnlyForDeploymentPostprocessing = 0;
		};
/* End PBXSourcesBuildPhase section */

/* Begin PBXVariantGroup section */
		8F882144242D6F81004DAD04 /* Main.storyboard */ = {
			isa = PBXVariantGroup;
			children = (
				8F882145242D6F81004DAD04 /* Base */,
			);
			name = Main.storyboard;
			sourceTree = "<group>";
		};
		8F88214C242D6F84004DAD04 /* LaunchScreen.storyboard */ = {
			isa = PBXVariantGroup;
			children = (
				8F88214D242D6F84004DAD04 /* Base */,
			);
			name = LaunchScreen.storyboard;
			sourceTree = "<group>";
		};
/* End PBXVariantGroup section */

/* Begin XCBuildConfiguration section */
		8F882150242D6F84004DAD04 /* Debug */ = {
			isa = XCBuildConfiguration;
			buildSettings = {
				ALWAYS_SEARCH_USER_PATHS = NO;
				CLANG_ANALYZER_NONNULL = YES;
				CLANG_ANALYZER_NUMBER_OBJECT_CONVERSION = YES_AGGRESSIVE;
				CLANG_CXX_LANGUAGE_STANDARD = "gnu++14";
				CLANG_CXX_LIBRARY = "libc++";
				CLANG_ENABLE_MODULES = YES;
				CLANG_ENABLE_OBJC_ARC = YES;
				CLANG_ENABLE_OBJC_WEAK = YES;
				CLANG_WARN_BLOCK_CAPTURE_AUTORELEASING = YES;
				CLANG_WARN_BOOL_CONVERSION = YES;
				CLANG_WARN_COMMA = YES;
				CLANG_WARN_CONSTANT_CONVERSION = YES;
				CLANG_WARN_DEPRECATED_OBJC_IMPLEMENTATIONS = YES;
				CLANG_WARN_DIRECT_OBJC_ISA_USAGE = YES_ERROR;
				CLANG_WARN_DOCUMENTATION_COMMENTS = YES;
				CLANG_WARN_EMPTY_BODY = YES;
				CLANG_WARN_ENUM_CONVERSION = YES;
				CLANG_WARN_INFINITE_RECURSION = YES;
				CLANG_WARN_INT_CONVERSION = YES;
				CLANG_WARN_NON_LITERAL_NULL_CONVERSION = YES;
				CLANG_WARN_OBJC_IMPLICIT_RETAIN_SELF = YES;
				CLANG_WARN_OBJC_LITERAL_CONVERSION = YES;
				CLANG_WARN_OBJC_ROOT_CLASS = YES_ERROR;
				CLANG_WARN_RANGE_LOOP_ANALYSIS = YES;
				CLANG_WARN_STRICT_PROTOTYPES = YES;
				CLANG_WARN_SUSPICIOUS_MOVE = YES;
				CLANG_WARN_UNGUARDED_AVAILABILITY = YES_AGGRESSIVE;
				CLANG_WARN_UNREACHABLE_CODE = YES;
				CLANG_WARN__DUPLICATE_METHOD_MATCH = YES;
				COPY_PHASE_STRIP = NO;
				DEBUG_INFORMATION_FORMAT = dwarf;
				ENABLE_STRICT_OBJC_MSGSEND = YES;
				ENABLE_TESTABILITY = YES;
				GCC_C_LANGUAGE_STANDARD = gnu11;
				GCC_DYNAMIC_NO_PIC = NO;
				GCC_NO_COMMON_BLOCKS = YES;
				GCC_OPTIMIZATION_LEVEL = 0;
				GCC_PREPROCESSOR_DEFINITIONS = (
					"DEBUG=1",
					"$(inherited)",
				);
				GCC_WARN_64_TO_32_BIT_CONVERSION = YES;
				GCC_WARN_ABOUT_RETURN_TYPE = YES_ERROR;
				GCC_WARN_UNDECLARED_SELECTOR = YES;
				GCC_WARN_UNINITIALIZED_AUTOS = YES_AGGRESSIVE;
				GCC_WARN_UNUSED_FUNCTION = YES;
				GCC_WARN_UNUSED_VARIABLE = YES;
				IPHONEOS_DEPLOYMENT_TARGET = 13.2;
				MTL_ENABLE_DEBUG_INFO = INCLUDE_SOURCE;
				MTL_FAST_MATH = YES;
				ONLY_ACTIVE_ARCH = YES;
				SDKROOT = iphoneos;
				SWIFT_ACTIVE_COMPILATION_CONDITIONS = DEBUG;
				SWIFT_OPTIMIZATION_LEVEL = "-Onone";
			};
			name = Debug;
		};
		8F882151242D6F84004DAD04 /* Release */ = {
			isa = XCBuildConfiguration;
			buildSettings = {
				ALWAYS_SEARCH_USER_PATHS = NO;
				CLANG_ANALYZER_NONNULL = YES;
				CLANG_ANALYZER_NUMBER_OBJECT_CONVERSION = YES_AGGRESSIVE;
				CLANG_CXX_LANGUAGE_STANDARD = "gnu++14";
				CLANG_CXX_LIBRARY = "libc++";
				CLANG_ENABLE_MODULES = YES;
				CLANG_ENABLE_OBJC_ARC = YES;
				CLANG_ENABLE_OBJC_WEAK = YES;
				CLANG_WARN_BLOCK_CAPTURE_AUTORELEASING = YES;
				CLANG_WARN_BOOL_CONVERSION = YES;
				CLANG_WARN_COMMA = YES;
				CLANG_WARN_CONSTANT_CONVERSION = YES;
				CLANG_WARN_DEPRECATED_OBJC_IMPLEMENTATIONS = YES;
				CLANG_WARN_DIRECT_OBJC_ISA_USAGE = YES_ERROR;
				CLANG_WARN_DOCUMENTATION_COMMENTS = YES;
				CLANG_WARN_EMPTY_BODY = YES;
				CLANG_WARN_ENUM_CONVERSION = YES;
				CLANG_WARN_INFINITE_RECURSION = YES;
				CLANG_WARN_INT_CONVERSION = YES;
				CLANG_WARN_NON_LITERAL_NULL_CONVERSION = YES;
				CLANG_WARN_OBJC_IMPLICIT_RETAIN_SELF = YES;
				CLANG_WARN_OBJC_LITERAL_CONVERSION = YES;
				CLANG_WARN_OBJC_ROOT_CLASS = YES_ERROR;
				CLANG_WARN_RANGE_LOOP_ANALYSIS = YES;
				CLANG_WARN_STRICT_PROTOTYPES = YES;
				CLANG_WARN_SUSPICIOUS_MOVE = YES;
				CLANG_WARN_UNGUARDED_AVAILABILITY = YES_AGGRESSIVE;
				CLANG_WARN_UNREACHABLE_CODE = YES;
				CLANG_WARN__DUPLICATE_METHOD_MATCH = YES;
				COPY_PHASE_STRIP = NO;
				DEBUG_INFORMATION_FORMAT = "dwarf-with-dsym";
				ENABLE_NS_ASSERTIONS = NO;
				ENABLE_STRICT_OBJC_MSGSEND = YES;
				GCC_C_LANGUAGE_STANDARD = gnu11;
				GCC_NO_COMMON_BLOCKS = YES;
				GCC_WARN_64_TO_32_BIT_CONVERSION = YES;
				GCC_WARN_ABOUT_RETURN_TYPE = YES_ERROR;
				GCC_WARN_UNDECLARED_SELECTOR = YES;
				GCC_WARN_UNINITIALIZED_AUTOS = YES_AGGRESSIVE;
				GCC_WARN_UNUSED_FUNCTION = YES;
				GCC_WARN_UNUSED_VARIABLE = YES;
				IPHONEOS_DEPLOYMENT_TARGET = 13.2;
				MTL_ENABLE_DEBUG_INFO = NO;
				MTL_FAST_MATH = YES;
				SDKROOT = iphoneos;
				SWIFT_COMPILATION_MODE = wholemodule;
				SWIFT_OPTIMIZATION_LEVEL = "-O";
				VALIDATE_PRODUCT = YES;
			};
			name = Release;
		};
		8F882153242D6F84004DAD04 /* Debug */ = {
			isa = XCBuildConfiguration;
			buildSettings = {
				ASSETCATALOG_COMPILER_APPICON_NAME = AppIcon;
				CODE_SIGN_STYLE = Automatic;
				DEVELOPMENT_TEAM = 6UCDTFN5DJ;
				INFOPLIST_FILE = PhotoViewer/Info.plist;
				LD_RUNPATH_SEARCH_PATHS = (
					"$(inherited)",
					"@executable_path/Frameworks",
				);
				PRODUCT_BUNDLE_IDENTIFIER = iDmitry.PhotoViewer;
				PRODUCT_NAME = "$(TARGET_NAME)";
				SWIFT_VERSION = 5.0;
				TARGETED_DEVICE_FAMILY = "1,2";
			};
			name = Debug;
		};
		8F882154242D6F84004DAD04 /* Release */ = {
			isa = XCBuildConfiguration;
			buildSettings = {
				ASSETCATALOG_COMPILER_APPICON_NAME = AppIcon;
				CODE_SIGN_STYLE = Automatic;
				DEVELOPMENT_TEAM = 6UCDTFN5DJ;
				INFOPLIST_FILE = PhotoViewer/Info.plist;
				LD_RUNPATH_SEARCH_PATHS = (
					"$(inherited)",
					"@executable_path/Frameworks",
				);
				PRODUCT_BUNDLE_IDENTIFIER = iDmitry.PhotoViewer;
				PRODUCT_NAME = "$(TARGET_NAME)";
				SWIFT_VERSION = 5.0;
				TARGETED_DEVICE_FAMILY = "1,2";
			};
			name = Release;
		};
/* End XCBuildConfiguration section */

/* Begin XCConfigurationList section */
		8F882136242D6F81004DAD04 /* Build configuration list for PBXProject "PhotoViewer" */ = {
			isa = XCConfigurationList;
			buildConfigurations = (
				8F882150242D6F84004DAD04 /* Debug */,
				8F882151242D6F84004DAD04 /* Release */,
			);
			defaultConfigurationIsVisible = 0;
			defaultConfigurationName = Release;
		};
		8F882152242D6F84004DAD04 /* Build configuration list for PBXNativeTarget "PhotoViewer" */ = {
			isa = XCConfigurationList;
			buildConfigurations = (
				8F882153242D6F84004DAD04 /* Debug */,
				8F882154242D6F84004DAD04 /* Release */,
			);
			defaultConfigurationIsVisible = 0;
			defaultConfigurationName = Release;
		};
/* End XCConfigurationList section */

/* Begin XCVersionGroup section */
		8F882147242D6F81004DAD04 /* PhotoViewer.xcdatamodeld */ = {
			isa = XCVersionGroup;
			children = (
				8F882148242D6F81004DAD04 /* PhotoViewer.xcdatamodel */,
			);
			currentVersion = 8F882148242D6F81004DAD04 /* PhotoViewer.xcdatamodel */;
			path = PhotoViewer.xcdatamodeld;
			sourceTree = "<group>";
			versionGroupType = wrapper.xcdatamodel;
		};
/* End XCVersionGroup section */
	};
	rootObject = 8F882133242D6F81004DAD04 /* Project object */;
}
